FORGE
  remote: https://forgeapi.puppetlabs.com
  specs:
    jfryman-nginx (0.3.0)
      puppetlabs-apt (< 3.0.0, >= 1.8.0)
      puppetlabs-concat (< 3.0.0, >= 1.1.1)
      puppetlabs-stdlib (< 5.0.0, >= 4.2.0)
    puppetlabs-apt (2.2.2)
      puppetlabs-stdlib (< 5.0.0, >= 4.5.0)
    puppetlabs-concat (2.1.0)
      puppetlabs-stdlib (< 5.0.0, >= 3.2.0)
    puppetlabs-postgresql (4.7.1)
      puppetlabs-apt (< 3.0.0, >= 1.8.0)
      puppetlabs-concat (< 3.0.0, >= 1.1.0)
      puppetlabs-stdlib (~> 4.0)
    puppetlabs-stdlib (4.11.0)

GIT
  remote: git://github.com/hacken-in/puppet-hackenin.git
  ref: v1.1.1
  sha: 3f402bfe727f2ef33c9417667d0827fdfb2987ba
  specs:
    hacken-in-hackenin (1.1.1)
      jfryman-nginx (>= 0.3.0)
      puppetlabs-apt (>= 2.2.2)
      puppetlabs-postgresql (>= 4.7.1)
      puppetlabs-stdlib (>= 4.11.0)

DEPENDENCIES
  hacken-in-hackenin (>= 0)

